// !$*UTF8*$!
{
	archiveVersion = 1;
	classes = {
	};
	objectVersion = 50;
	objects = {

/* Begin PBXBuildFile section */
		8929993B263A026900DA1681 /* FeedCellNoImage.swift in Sources */ = {isa = PBXBuildFile; fileRef = 89299939263A026900DA1681 /* FeedCellNoImage.swift */; };
		8929993C263A026900DA1681 /* FeedCellNoImage.xib in Resources */ = {isa = PBXBuildFile; fileRef = 8929993A263A026900DA1681 /* FeedCellNoImage.xib */; };
		892A4E8026D429A900AB5343 /* ComposeAccessoryView.swift in Sources */ = {isa = PBXBuildFile; fileRef = 892A4E7F26D429A900AB5343 /* ComposeAccessoryView.swift */; };
		892A4E8426D429B900AB5343 /* ComposeAccessoryView.xib in Resources */ = {isa = PBXBuildFile; fileRef = 892A4E8326D429B900AB5343 /* ComposeAccessoryView.xib */; };
		892A4E9326D9BCC900AB5343 /* CGImage+Accelerate.swift in Sources */ = {isa = PBXBuildFile; fileRef = 892A4E8A26D9BCC900AB5343 /* CGImage+Accelerate.swift */; };
		892A4E9426D9BCC900AB5343 /* CGContext+CGImage.swift in Sources */ = {isa = PBXBuildFile; fileRef = 892A4E8B26D9BCC900AB5343 /* CGContext+CGImage.swift */; };
		892A4E9526D9BCC900AB5343 /* CaptureQuality.swift in Sources */ = {isa = PBXBuildFile; fileRef = 892A4E8C26D9BCC900AB5343 /* CaptureQuality.swift */; };
		892A4E9626D9BCC900AB5343 /* CGRect+Conversion.swift in Sources */ = {isa = PBXBuildFile; fileRef = 892A4E8D26D9BCC900AB5343 /* CGRect+Conversion.swift */; };
		892A4E9726D9BCC900AB5343 /* TrackingMode.swift in Sources */ = {isa = PBXBuildFile; fileRef = 892A4E8E26D9BCC900AB5343 /* TrackingMode.swift */; };
		892A4E9826D9BCC900AB5343 /* UIImage+Blur.swift in Sources */ = {isa = PBXBuildFile; fileRef = 892A4E8F26D9BCC900AB5343 /* UIImage+Blur.swift */; };
		892A4E9926D9BCC900AB5343 /* BlurLayer.swift in Sources */ = {isa = PBXBuildFile; fileRef = 892A4E9026D9BCC900AB5343 /* BlurLayer.swift */; };
		892A4E9A26D9BCC900AB5343 /* CALayer+Conversion.swift in Sources */ = {isa = PBXBuildFile; fileRef = 892A4E9126D9BCC900AB5343 /* CALayer+Conversion.swift */; };
		892A4E9B26D9BCC900AB5343 /* DynamicBlurView.swift in Sources */ = {isa = PBXBuildFile; fileRef = 892A4E9226D9BCC900AB5343 /* DynamicBlurView.swift */; };
		89900EA426C0873500521B20 /* SCWebAPI.framework in Frameworks */ = {isa = PBXBuildFile; fileRef = 89900E9F26C0812300521B20 /* SCWebAPI.framework */; };
		89900EA526C0873500521B20 /* SCWebAPI.framework in Embed Frameworks */ = {isa = PBXBuildFile; fileRef = 89900E9F26C0812300521B20 /* SCWebAPI.framework */; settings = {ATTRIBUTES = (CodeSignOnCopy, RemoveHeadersOnCopy, ); }; };
		89A276EF26D2D4920049FF82 /* ComposeViewController.swift in Sources */ = {isa = PBXBuildFile; fileRef = 89A276EE26D2D4920049FF82 /* ComposeViewController.swift */; };
		89A276F226D3625C0049FF82 /* compose.html in Resources */ = {isa = PBXBuildFile; fileRef = 89A276F126D3625B0049FF82 /* compose.html */; };
		89A276F426D3626D0049FF82 /* compose.css in Resources */ = {isa = PBXBuildFile; fileRef = 89A276F326D3626D0049FF82 /* compose.css */; };
		89A276F626D362790049FF82 /* compose.js in Resources */ = {isa = PBXBuildFile; fileRef = 89A276F526D362790049FF82 /* compose.js */; };
		89D1B9A026C682B4002A0F83 /* SCImageView.swift in Sources */ = {isa = PBXBuildFile; fileRef = 89D1B99F26C682B4002A0F83 /* SCImageView.swift */; };
		D9236DD625691E6700A51102 /* UserCell.swift in Sources */ = {isa = PBXBuildFile; fileRef = D9236DD425691E6700A51102 /* UserCell.swift */; };
		D9236DD725691E6700A51102 /* UserCell.xib in Resources */ = {isa = PBXBuildFile; fileRef = D9236DD525691E6700A51102 /* UserCell.xib */; };
		D9236DE5256C1D2B00A51102 /* CustomSearchBar.swift in Sources */ = {isa = PBXBuildFile; fileRef = D9236DE4256C1D2B00A51102 /* CustomSearchBar.swift */; };
		D9236DED256C1FEE00A51102 /* SCTableViewController.swift in Sources */ = {isa = PBXBuildFile; fileRef = D9236DEC256C1FEE00A51102 /* SCTableViewController.swift */; };
		D9236DF2256C201500A51102 /* SCViewModel.swift in Sources */ = {isa = PBXBuildFile; fileRef = D9236DF1256C201500A51102 /* SCViewModel.swift */; };
		D9236DF7256C204E00A51102 /* SCObject.swift in Sources */ = {isa = PBXBuildFile; fileRef = D9236DF6256C204E00A51102 /* SCObject.swift */; };
		D9236E07256DDACB00A51102 /* SCNavigationBar.swift in Sources */ = {isa = PBXBuildFile; fileRef = D9236E06256DDACB00A51102 /* SCNavigationBar.swift */; };
		D9254C9E2513586C0050E936 /* PopupDialogOverlayView.swift in Sources */ = {isa = PBXBuildFile; fileRef = D9254C8E2513586B0050E936 /* PopupDialogOverlayView.swift */; };
		D9254C9F2513586C0050E936 /* PopupDialogDefaultButtons.swift in Sources */ = {isa = PBXBuildFile; fileRef = D9254C8F2513586B0050E936 /* PopupDialogDefaultButtons.swift */; };
		D9254CA02513586C0050E936 /* PopupDialogButton.swift in Sources */ = {isa = PBXBuildFile; fileRef = D9254C902513586B0050E936 /* PopupDialogButton.swift */; };
		D9254CA12513586C0050E936 /* PopupDialogContainerView.swift in Sources */ = {isa = PBXBuildFile; fileRef = D9254C912513586B0050E936 /* PopupDialogContainerView.swift */; };
		D9254CA22513586C0050E936 /* TransitionAnimations.swift in Sources */ = {isa = PBXBuildFile; fileRef = D9254C922513586B0050E936 /* TransitionAnimations.swift */; };
		D9254CA32513586C0050E936 /* PresentationManager.swift in Sources */ = {isa = PBXBuildFile; fileRef = D9254C932513586B0050E936 /* PresentationManager.swift */; };
		D9254CA42513586C0050E936 /* PresentationController.swift in Sources */ = {isa = PBXBuildFile; fileRef = D9254C942513586B0050E936 /* PresentationController.swift */; };
		D9254CA52513586C0050E936 /* PopupDialog.swift in Sources */ = {isa = PBXBuildFile; fileRef = D9254C952513586B0050E936 /* PopupDialog.swift */; };
		D9254CA62513586C0050E936 /* PopupDialog+Keyboard.swift in Sources */ = {isa = PBXBuildFile; fileRef = D9254C962513586B0050E936 /* PopupDialog+Keyboard.swift */; };
		D9254CA72513586C0050E936 /* TransitionAnimator.swift in Sources */ = {isa = PBXBuildFile; fileRef = D9254C972513586B0050E936 /* TransitionAnimator.swift */; };
		D9254CA82513586C0050E936 /* UIImageView+Calculations.swift in Sources */ = {isa = PBXBuildFile; fileRef = D9254C982513586B0050E936 /* UIImageView+Calculations.swift */; };
		D9254CA92513586C0050E936 /* UIViewController+Visibility.swift in Sources */ = {isa = PBXBuildFile; fileRef = D9254C992513586B0050E936 /* UIViewController+Visibility.swift */; };
		D9254CAA2513586C0050E936 /* PopupDialogDefaultView.swift in Sources */ = {isa = PBXBuildFile; fileRef = D9254C9A2513586C0050E936 /* PopupDialogDefaultView.swift */; };
		D9254CAB2513586C0050E936 /* InteractiveTransition.swift in Sources */ = {isa = PBXBuildFile; fileRef = D9254C9B2513586C0050E936 /* InteractiveTransition.swift */; };
		D9254CAC2513586C0050E936 /* PopupDialogDefaultViewController.swift in Sources */ = {isa = PBXBuildFile; fileRef = D9254C9C2513586C0050E936 /* PopupDialogDefaultViewController.swift */; };
		D9254CAD2513586C0050E936 /* UIView+Animations.swift in Sources */ = {isa = PBXBuildFile; fileRef = D9254C9D2513586C0050E936 /* UIView+Animations.swift */; };
		D9254CDB25139ECB0050E936 /* Feed.swift in Sources */ = {isa = PBXBuildFile; fileRef = D9254CDA25139ECB0050E936 /* Feed.swift */; };
		D9254CE02513A0400050E936 /* User.swift in Sources */ = {isa = PBXBuildFile; fileRef = D9254CDF2513A0400050E936 /* User.swift */; };
		D9254CE72513A46E0050E936 /* FeedViewModel.swift in Sources */ = {isa = PBXBuildFile; fileRef = D9254CE62513A46E0050E936 /* FeedViewModel.swift */; };
		D96221B02512EA48005A96EA /* DummyFeeder.swift in Sources */ = {isa = PBXBuildFile; fileRef = D96221AF2512EA48005A96EA /* DummyFeeder.swift */; };
		D96222142512F3D0005A96EA /* DrawerMenu.swift in Sources */ = {isa = PBXBuildFile; fileRef = D96222132512F3D0005A96EA /* DrawerMenu.swift */; };
		D962221E2512F3D7005A96EA /* DrawerMenuStyle.swift in Sources */ = {isa = PBXBuildFile; fileRef = D96222182512F3D6005A96EA /* DrawerMenuStyle.swift */; };
		D962221F2512F3D7005A96EA /* Floating.swift in Sources */ = {isa = PBXBuildFile; fileRef = D96222192512F3D6005A96EA /* Floating.swift */; };
		D96222202512F3D7005A96EA /* Parallax.swift in Sources */ = {isa = PBXBuildFile; fileRef = D962221A2512F3D6005A96EA /* Parallax.swift */; };
		D96222212512F3D7005A96EA /* Overlay.swift in Sources */ = {isa = PBXBuildFile; fileRef = D962221B2512F3D6005A96EA /* Overlay.swift */; };
		D96222222512F3D7005A96EA /* Slide.swift in Sources */ = {isa = PBXBuildFile; fileRef = D962221C2512F3D6005A96EA /* Slide.swift */; };
		D96222232512F3D7005A96EA /* SlideIn.swift in Sources */ = {isa = PBXBuildFile; fileRef = D962221D2512F3D6005A96EA /* SlideIn.swift */; };
		D962222C2512F427005A96EA /* CarouCollectionView.swift in Sources */ = {isa = PBXBuildFile; fileRef = D96222282512F426005A96EA /* CarouCollectionView.swift */; };
		D962222D2512F427005A96EA /* CarouPageControl.swift in Sources */ = {isa = PBXBuildFile; fileRef = D962222A2512F427005A96EA /* CarouPageControl.swift */; };
		D962222E2512F427005A96EA /* CarouView.swift in Sources */ = {isa = PBXBuildFile; fileRef = D962222B2512F427005A96EA /* CarouView.swift */; };
		D962224525130390005A96EA /* FeedCell.swift in Sources */ = {isa = PBXBuildFile; fileRef = D962224325130390005A96EA /* FeedCell.swift */; };
		D962224625130390005A96EA /* FeedCell.xib in Resources */ = {isa = PBXBuildFile; fileRef = D962224425130390005A96EA /* FeedCell.xib */; };
		D97166712511B003002DC5B0 /* AppDelegate.swift in Sources */ = {isa = PBXBuildFile; fileRef = D97166702511B003002DC5B0 /* AppDelegate.swift */; };
		D97166752511B003002DC5B0 /* LandingViewController.swift in Sources */ = {isa = PBXBuildFile; fileRef = D97166742511B003002DC5B0 /* LandingViewController.swift */; };
		D97166882511B004002DC5B0 /* SwiftyCareerTests.swift in Sources */ = {isa = PBXBuildFile; fileRef = D97166872511B004002DC5B0 /* SwiftyCareerTests.swift */; };
		D97166932511B004002DC5B0 /* SwiftyCareerUITests.swift in Sources */ = {isa = PBXBuildFile; fileRef = D97166922511B004002DC5B0 /* SwiftyCareerUITests.swift */; };
		D97166C42511B11C002DC5B0 /* Assets.xcassets in Resources */ = {isa = PBXBuildFile; fileRef = D97166792511B004002DC5B0 /* Assets.xcassets */; };
		D97166DD2511B196002DC5B0 /* Main.storyboard in Resources */ = {isa = PBXBuildFile; fileRef = D97166762511B003002DC5B0 /* Main.storyboard */; };
		D97166E12511B19A002DC5B0 /* LaunchScreen.storyboard in Resources */ = {isa = PBXBuildFile; fileRef = D971667B2511B004002DC5B0 /* LaunchScreen.storyboard */; };
		D97166FD2511B3C9002DC5B0 /* Globals.swift in Sources */ = {isa = PBXBuildFile; fileRef = D97166FC2511B3C9002DC5B0 /* Globals.swift */; };
		D988B09B25182A4000EF7BBA /* SCTextView.swift in Sources */ = {isa = PBXBuildFile; fileRef = D988B09A25182A4000EF7BBA /* SCTextView.swift */; };
		D98C58C32511C93800D06554 /* SF-UI-Display-Black.otf in Resources */ = {isa = PBXBuildFile; fileRef = D98C58B72511C91E00D06554 /* SF-UI-Display-Black.otf */; };
		D98C58C42511C93800D06554 /* SF-UI-Display-Bold.otf in Resources */ = {isa = PBXBuildFile; fileRef = D98C58B82511C91E00D06554 /* SF-UI-Display-Bold.otf */; };
		D98C58C52511C93800D06554 /* SF-UI-Display-Heavy.otf in Resources */ = {isa = PBXBuildFile; fileRef = D98C58BB2511C91E00D06554 /* SF-UI-Display-Heavy.otf */; };
		D98C58C62511C93800D06554 /* SF-UI-Display-Light.otf in Resources */ = {isa = PBXBuildFile; fileRef = D98C58C02511C91F00D06554 /* SF-UI-Display-Light.otf */; };
		D98C58C72511C93800D06554 /* SF-UI-Display-Medium.otf in Resources */ = {isa = PBXBuildFile; fileRef = D98C58B42511C91D00D06554 /* SF-UI-Display-Medium.otf */; };
		D98C58C82511C93800D06554 /* SF-UI-Display-Regular.otf in Resources */ = {isa = PBXBuildFile; fileRef = D98C58BE2511C91F00D06554 /* SF-UI-Display-Regular.otf */; };
		D98C58C92511C93800D06554 /* SF-UI-Display-Semibold.otf in Resources */ = {isa = PBXBuildFile; fileRef = D98C58BA2511C91E00D06554 /* SF-UI-Display-Semibold.otf */; };
		D98C58CA2511C93800D06554 /* SF-UI-Display-Thin.otf in Resources */ = {isa = PBXBuildFile; fileRef = D98C58BF2511C91F00D06554 /* SF-UI-Display-Thin.otf */; };
		D98C58CB2511C93800D06554 /* SF-UI-Display-Ultralight.otf in Resources */ = {isa = PBXBuildFile; fileRef = D98C58C22511C91F00D06554 /* SF-UI-Display-Ultralight.otf */; };
		D98C58CC2511C93800D06554 /* SF-UI-Text-Bold.otf in Resources */ = {isa = PBXBuildFile; fileRef = D98C58B32511C91D00D06554 /* SF-UI-Text-Bold.otf */; };
		D98C58CD2511C93800D06554 /* SF-UI-Text-BoldItalic.otf in Resources */ = {isa = PBXBuildFile; fileRef = D98C58B62511C91D00D06554 /* SF-UI-Text-BoldItalic.otf */; };
		D98C58CE2511C93800D06554 /* SF-UI-Text-Heavy.otf in Resources */ = {isa = PBXBuildFile; fileRef = D98C58B12511C91D00D06554 /* SF-UI-Text-Heavy.otf */; };
		D98C58CF2511C93800D06554 /* SF-UI-Text-HeavyItalic.otf in Resources */ = {isa = PBXBuildFile; fileRef = D98C58B92511C91E00D06554 /* SF-UI-Text-HeavyItalic.otf */; };
		D98C58D02511C93800D06554 /* SF-UI-Text-Light.otf in Resources */ = {isa = PBXBuildFile; fileRef = D98C58B52511C91D00D06554 /* SF-UI-Text-Light.otf */; };
		D98C58D12511C93800D06554 /* SF-UI-Text-LightItalic.otf in Resources */ = {isa = PBXBuildFile; fileRef = D98C58C12511C91F00D06554 /* SF-UI-Text-LightItalic.otf */; };
		D98C58D22511C93800D06554 /* SF-UI-Text-Medium.otf in Resources */ = {isa = PBXBuildFile; fileRef = D98C58BC2511C91E00D06554 /* SF-UI-Text-Medium.otf */; };
		D98C58D32511C93800D06554 /* SF-UI-Text-MediumItalic.otf in Resources */ = {isa = PBXBuildFile; fileRef = D98C58AE2511C91C00D06554 /* SF-UI-Text-MediumItalic.otf */; };
		D98C58D42511C93800D06554 /* SF-UI-Text-Regular.otf in Resources */ = {isa = PBXBuildFile; fileRef = D98C58B02511C91D00D06554 /* SF-UI-Text-Regular.otf */; };
		D98C58D52511C93800D06554 /* SF-UI-Text-RegularItalic.otf in Resources */ = {isa = PBXBuildFile; fileRef = D98C58BD2511C91E00D06554 /* SF-UI-Text-RegularItalic.otf */; };
		D98C58D62511C93800D06554 /* SF-UI-Text-Semibold.otf in Resources */ = {isa = PBXBuildFile; fileRef = D98C58AF2511C91C00D06554 /* SF-UI-Text-Semibold.otf */; };
		D98C58D72511C93800D06554 /* SF-UI-Text-SemiboldItalic.otf in Resources */ = {isa = PBXBuildFile; fileRef = D98C58B22511C91D00D06554 /* SF-UI-Text-SemiboldItalic.otf */; };
		D98C58DC2511D68B00D06554 /* RegisterViewController.swift in Sources */ = {isa = PBXBuildFile; fileRef = D98C58DB2511D68B00D06554 /* RegisterViewController.swift */; };
		D98C58F22511EC0300D06554 /* RootViewController.swift in Sources */ = {isa = PBXBuildFile; fileRef = D98C58F12511EC0300D06554 /* RootViewController.swift */; };
		D98C58F82511F36500D06554 /* FeedTableViewController.swift in Sources */ = {isa = PBXBuildFile; fileRef = D98C58F72511F36500D06554 /* FeedTableViewController.swift */; };
		D98C58FD2511FA4C00D06554 /* Env.swift in Sources */ = {isa = PBXBuildFile; fileRef = D98C58FC2511FA4C00D06554 /* Env.swift */; };
		D98C590E2512023700D06554 /* LeftMenuViewController.swift in Sources */ = {isa = PBXBuildFile; fileRef = D98C590D2512023700D06554 /* LeftMenuViewController.swift */; };
		D98C59132512041600D06554 /* MessageViewController.swift in Sources */ = {isa = PBXBuildFile; fileRef = D98C59122512041600D06554 /* MessageViewController.swift */; };
		D9CB4F942568FA8100A16CA0 /* JobTableViewController.swift in Sources */ = {isa = PBXBuildFile; fileRef = D9CB4F932568FA8100A16CA0 /* JobTableViewController.swift */; };
		D9F0B8D6251329BE009C7191 /* PZPullToRefresh.swift in Sources */ = {isa = PBXBuildFile; fileRef = D9F0B8D5251329BE009C7191 /* PZPullToRefresh.swift */; };
		D9F0B8DC25132C4A009C7191 /* LoadingCell.swift in Sources */ = {isa = PBXBuildFile; fileRef = D9F0B8DA25132C4A009C7191 /* LoadingCell.swift */; };
		D9F0B8DD25132C4A009C7191 /* LoadingCell.xib in Resources */ = {isa = PBXBuildFile; fileRef = D9F0B8DB25132C4A009C7191 /* LoadingCell.xib */; };
/* End PBXBuildFile section */

/* Begin PBXContainerItemProxy section */
		89900E9E26C0812300521B20 /* PBXContainerItemProxy */ = {
			isa = PBXContainerItemProxy;
			containerPortal = 89900E9926C0812300521B20 /* SCWebAPI.xcodeproj */;
			proxyType = 2;
			remoteGlobalIDString = 89900E7F26C0810800521B20;
			remoteInfo = SCWebAPI;
		};
		89900EA026C0812300521B20 /* PBXContainerItemProxy */ = {
			isa = PBXContainerItemProxy;
			containerPortal = 89900E9926C0812300521B20 /* SCWebAPI.xcodeproj */;
			proxyType = 2;
			remoteGlobalIDString = 89900E8926C0810800521B20;
			remoteInfo = SCWebAPITests;
		};
		D97166842511B004002DC5B0 /* PBXContainerItemProxy */ = {
			isa = PBXContainerItemProxy;
			containerPortal = D97166652511B003002DC5B0 /* Project object */;
			proxyType = 1;
			remoteGlobalIDString = D971666C2511B003002DC5B0;
			remoteInfo = SwiftyCareer;
		};
		D971668F2511B004002DC5B0 /* PBXContainerItemProxy */ = {
			isa = PBXContainerItemProxy;
			containerPortal = D97166652511B003002DC5B0 /* Project object */;
			proxyType = 1;
			remoteGlobalIDString = D971666C2511B003002DC5B0;
			remoteInfo = SwiftyCareer;
		};
/* End PBXContainerItemProxy section */

/* Begin PBXCopyFilesBuildPhase section */
		89900EA626C0873500521B20 /* Embed Frameworks */ = {
			isa = PBXCopyFilesBuildPhase;
			buildActionMask = 2147483647;
			dstPath = "";
			dstSubfolderSpec = 10;
			files = (
				89900EA526C0873500521B20 /* SCWebAPI.framework in Embed Frameworks */,
			);
			name = "Embed Frameworks";
			runOnlyForDeploymentPostprocessing = 0;
		};
/* End PBXCopyFilesBuildPhase section */

/* Begin PBXFileReference section */
		89299939263A026900DA1681 /* FeedCellNoImage.swift */ = {isa = PBXFileReference; lastKnownFileType = sourcecode.swift; path = FeedCellNoImage.swift; sourceTree = "<group>"; };
		8929993A263A026900DA1681 /* FeedCellNoImage.xib */ = {isa = PBXFileReference; lastKnownFileType = file.xib; path = FeedCellNoImage.xib; sourceTree = "<group>"; };
		892A4E7F26D429A900AB5343 /* ComposeAccessoryView.swift */ = {isa = PBXFileReference; lastKnownFileType = sourcecode.swift; path = ComposeAccessoryView.swift; sourceTree = "<group>"; };
		892A4E8326D429B900AB5343 /* ComposeAccessoryView.xib */ = {isa = PBXFileReference; lastKnownFileType = file.xib; path = ComposeAccessoryView.xib; sourceTree = "<group>"; };
		892A4E8A26D9BCC900AB5343 /* CGImage+Accelerate.swift */ = {isa = PBXFileReference; fileEncoding = 4; lastKnownFileType = sourcecode.swift; path = "CGImage+Accelerate.swift"; sourceTree = "<group>"; };
		892A4E8B26D9BCC900AB5343 /* CGContext+CGImage.swift */ = {isa = PBXFileReference; fileEncoding = 4; lastKnownFileType = sourcecode.swift; path = "CGContext+CGImage.swift"; sourceTree = "<group>"; };
		892A4E8C26D9BCC900AB5343 /* CaptureQuality.swift */ = {isa = PBXFileReference; fileEncoding = 4; lastKnownFileType = sourcecode.swift; path = CaptureQuality.swift; sourceTree = "<group>"; };
		892A4E8D26D9BCC900AB5343 /* CGRect+Conversion.swift */ = {isa = PBXFileReference; fileEncoding = 4; lastKnownFileType = sourcecode.swift; path = "CGRect+Conversion.swift"; sourceTree = "<group>"; };
		892A4E8E26D9BCC900AB5343 /* TrackingMode.swift */ = {isa = PBXFileReference; fileEncoding = 4; lastKnownFileType = sourcecode.swift; path = TrackingMode.swift; sourceTree = "<group>"; };
		892A4E8F26D9BCC900AB5343 /* UIImage+Blur.swift */ = {isa = PBXFileReference; fileEncoding = 4; lastKnownFileType = sourcecode.swift; path = "UIImage+Blur.swift"; sourceTree = "<group>"; };
		892A4E9026D9BCC900AB5343 /* BlurLayer.swift */ = {isa = PBXFileReference; fileEncoding = 4; lastKnownFileType = sourcecode.swift; path = BlurLayer.swift; sourceTree = "<group>"; };
		892A4E9126D9BCC900AB5343 /* CALayer+Conversion.swift */ = {isa = PBXFileReference; fileEncoding = 4; lastKnownFileType = sourcecode.swift; path = "CALayer+Conversion.swift"; sourceTree = "<group>"; };
		892A4E9226D9BCC900AB5343 /* DynamicBlurView.swift */ = {isa = PBXFileReference; fileEncoding = 4; lastKnownFileType = sourcecode.swift; path = DynamicBlurView.swift; sourceTree = "<group>"; };
		89900E9926C0812300521B20 /* SCWebAPI.xcodeproj */ = {isa = PBXFileReference; lastKnownFileType = "wrapper.pb-project"; name = SCWebAPI.xcodeproj; path = ../SCWebAPI/SCWebAPI.xcodeproj; sourceTree = "<group>"; };
		89A276EE26D2D4920049FF82 /* ComposeViewController.swift */ = {isa = PBXFileReference; lastKnownFileType = sourcecode.swift; path = ComposeViewController.swift; sourceTree = "<group>"; };
		89A276F126D3625B0049FF82 /* compose.html */ = {isa = PBXFileReference; lastKnownFileType = text.html; path = compose.html; sourceTree = "<group>"; };
		89A276F326D3626D0049FF82 /* compose.css */ = {isa = PBXFileReference; lastKnownFileType = text.css; path = compose.css; sourceTree = "<group>"; };
		89A276F526D362790049FF82 /* compose.js */ = {isa = PBXFileReference; lastKnownFileType = sourcecode.javascript; path = compose.js; sourceTree = "<group>"; };
		89D1B99F26C682B4002A0F83 /* SCImageView.swift */ = {isa = PBXFileReference; lastKnownFileType = sourcecode.swift; path = SCImageView.swift; sourceTree = "<group>"; };
		D9236DD425691E6700A51102 /* UserCell.swift */ = {isa = PBXFileReference; lastKnownFileType = sourcecode.swift; path = UserCell.swift; sourceTree = "<group>"; };
		D9236DD525691E6700A51102 /* UserCell.xib */ = {isa = PBXFileReference; lastKnownFileType = file.xib; path = UserCell.xib; sourceTree = "<group>"; };
		D9236DE4256C1D2B00A51102 /* CustomSearchBar.swift */ = {isa = PBXFileReference; lastKnownFileType = sourcecode.swift; path = CustomSearchBar.swift; sourceTree = "<group>"; };
		D9236DEC256C1FEE00A51102 /* SCTableViewController.swift */ = {isa = PBXFileReference; lastKnownFileType = sourcecode.swift; path = SCTableViewController.swift; sourceTree = "<group>"; };
		D9236DF1256C201500A51102 /* SCViewModel.swift */ = {isa = PBXFileReference; lastKnownFileType = sourcecode.swift; path = SCViewModel.swift; sourceTree = "<group>"; };
		D9236DF6256C204E00A51102 /* SCObject.swift */ = {isa = PBXFileReference; lastKnownFileType = sourcecode.swift; path = SCObject.swift; sourceTree = "<group>"; };
		D9236E06256DDACB00A51102 /* SCNavigationBar.swift */ = {isa = PBXFileReference; lastKnownFileType = sourcecode.swift; path = SCNavigationBar.swift; sourceTree = "<group>"; };
		D9254C8E2513586B0050E936 /* PopupDialogOverlayView.swift */ = {isa = PBXFileReference; fileEncoding = 4; lastKnownFileType = sourcecode.swift; path = PopupDialogOverlayView.swift; sourceTree = "<group>"; };
		D9254C8F2513586B0050E936 /* PopupDialogDefaultButtons.swift */ = {isa = PBXFileReference; fileEncoding = 4; lastKnownFileType = sourcecode.swift; path = PopupDialogDefaultButtons.swift; sourceTree = "<group>"; };
		D9254C902513586B0050E936 /* PopupDialogButton.swift */ = {isa = PBXFileReference; fileEncoding = 4; lastKnownFileType = sourcecode.swift; path = PopupDialogButton.swift; sourceTree = "<group>"; };
		D9254C912513586B0050E936 /* PopupDialogContainerView.swift */ = {isa = PBXFileReference; fileEncoding = 4; lastKnownFileType = sourcecode.swift; path = PopupDialogContainerView.swift; sourceTree = "<group>"; };
		D9254C922513586B0050E936 /* TransitionAnimations.swift */ = {isa = PBXFileReference; fileEncoding = 4; lastKnownFileType = sourcecode.swift; path = TransitionAnimations.swift; sourceTree = "<group>"; };
		D9254C932513586B0050E936 /* PresentationManager.swift */ = {isa = PBXFileReference; fileEncoding = 4; lastKnownFileType = sourcecode.swift; path = PresentationManager.swift; sourceTree = "<group>"; };
		D9254C942513586B0050E936 /* PresentationController.swift */ = {isa = PBXFileReference; fileEncoding = 4; lastKnownFileType = sourcecode.swift; path = PresentationController.swift; sourceTree = "<group>"; };
		D9254C952513586B0050E936 /* PopupDialog.swift */ = {isa = PBXFileReference; fileEncoding = 4; lastKnownFileType = sourcecode.swift; path = PopupDialog.swift; sourceTree = "<group>"; };
		D9254C962513586B0050E936 /* PopupDialog+Keyboard.swift */ = {isa = PBXFileReference; fileEncoding = 4; lastKnownFileType = sourcecode.swift; path = "PopupDialog+Keyboard.swift"; sourceTree = "<group>"; };
		D9254C972513586B0050E936 /* TransitionAnimator.swift */ = {isa = PBXFileReference; fileEncoding = 4; lastKnownFileType = sourcecode.swift; path = TransitionAnimator.swift; sourceTree = "<group>"; };
		D9254C982513586B0050E936 /* UIImageView+Calculations.swift */ = {isa = PBXFileReference; fileEncoding = 4; lastKnownFileType = sourcecode.swift; path = "UIImageView+Calculations.swift"; sourceTree = "<group>"; };
		D9254C992513586B0050E936 /* UIViewController+Visibility.swift */ = {isa = PBXFileReference; fileEncoding = 4; lastKnownFileType = sourcecode.swift; path = "UIViewController+Visibility.swift"; sourceTree = "<group>"; };
		D9254C9A2513586C0050E936 /* PopupDialogDefaultView.swift */ = {isa = PBXFileReference; fileEncoding = 4; lastKnownFileType = sourcecode.swift; path = PopupDialogDefaultView.swift; sourceTree = "<group>"; };
		D9254C9B2513586C0050E936 /* InteractiveTransition.swift */ = {isa = PBXFileReference; fileEncoding = 4; lastKnownFileType = sourcecode.swift; path = InteractiveTransition.swift; sourceTree = "<group>"; };
		D9254C9C2513586C0050E936 /* PopupDialogDefaultViewController.swift */ = {isa = PBXFileReference; fileEncoding = 4; lastKnownFileType = sourcecode.swift; path = PopupDialogDefaultViewController.swift; sourceTree = "<group>"; };
		D9254C9D2513586C0050E936 /* UIView+Animations.swift */ = {isa = PBXFileReference; fileEncoding = 4; lastKnownFileType = sourcecode.swift; path = "UIView+Animations.swift"; sourceTree = "<group>"; };
		D9254CDA25139ECB0050E936 /* Feed.swift */ = {isa = PBXFileReference; lastKnownFileType = sourcecode.swift; path = Feed.swift; sourceTree = "<group>"; };
		D9254CDF2513A0400050E936 /* User.swift */ = {isa = PBXFileReference; lastKnownFileType = sourcecode.swift; path = User.swift; sourceTree = "<group>"; };
		D9254CE62513A46E0050E936 /* FeedViewModel.swift */ = {isa = PBXFileReference; lastKnownFileType = sourcecode.swift; path = FeedViewModel.swift; sourceTree = "<group>"; };
		D96221AF2512EA48005A96EA /* DummyFeeder.swift */ = {isa = PBXFileReference; lastKnownFileType = sourcecode.swift; path = DummyFeeder.swift; sourceTree = "<group>"; };
		D96222132512F3D0005A96EA /* DrawerMenu.swift */ = {isa = PBXFileReference; fileEncoding = 4; lastKnownFileType = sourcecode.swift; path = DrawerMenu.swift; sourceTree = "<group>"; };
		D96222182512F3D6005A96EA /* DrawerMenuStyle.swift */ = {isa = PBXFileReference; fileEncoding = 4; lastKnownFileType = sourcecode.swift; path = DrawerMenuStyle.swift; sourceTree = "<group>"; };
		D96222192512F3D6005A96EA /* Floating.swift */ = {isa = PBXFileReference; fileEncoding = 4; lastKnownFileType = sourcecode.swift; path = Floating.swift; sourceTree = "<group>"; };
		D962221A2512F3D6005A96EA /* Parallax.swift */ = {isa = PBXFileReference; fileEncoding = 4; lastKnownFileType = sourcecode.swift; path = Parallax.swift; sourceTree = "<group>"; };
		D962221B2512F3D6005A96EA /* Overlay.swift */ = {isa = PBXFileReference; fileEncoding = 4; lastKnownFileType = sourcecode.swift; path = Overlay.swift; sourceTree = "<group>"; };
		D962221C2512F3D6005A96EA /* Slide.swift */ = {isa = PBXFileReference; fileEncoding = 4; lastKnownFileType = sourcecode.swift; path = Slide.swift; sourceTree = "<group>"; };
		D962221D2512F3D6005A96EA /* SlideIn.swift */ = {isa = PBXFileReference; fileEncoding = 4; lastKnownFileType = sourcecode.swift; path = SlideIn.swift; sourceTree = "<group>"; };
		D96222282512F426005A96EA /* CarouCollectionView.swift */ = {isa = PBXFileReference; fileEncoding = 4; lastKnownFileType = sourcecode.swift; path = CarouCollectionView.swift; sourceTree = "<group>"; };
		D962222A2512F427005A96EA /* CarouPageControl.swift */ = {isa = PBXFileReference; fileEncoding = 4; lastKnownFileType = sourcecode.swift; path = CarouPageControl.swift; sourceTree = "<group>"; };
		D962222B2512F427005A96EA /* CarouView.swift */ = {isa = PBXFileReference; fileEncoding = 4; lastKnownFileType = sourcecode.swift; path = CarouView.swift; sourceTree = "<group>"; };
		D962224325130390005A96EA /* FeedCell.swift */ = {isa = PBXFileReference; lastKnownFileType = sourcecode.swift; path = FeedCell.swift; sourceTree = "<group>"; };
		D962224425130390005A96EA /* FeedCell.xib */ = {isa = PBXFileReference; lastKnownFileType = file.xib; path = FeedCell.xib; sourceTree = "<group>"; };
		D971666D2511B003002DC5B0 /* SwiftyCareer.app */ = {isa = PBXFileReference; explicitFileType = wrapper.application; includeInIndex = 0; path = SwiftyCareer.app; sourceTree = BUILT_PRODUCTS_DIR; };
		D97166702511B003002DC5B0 /* AppDelegate.swift */ = {isa = PBXFileReference; lastKnownFileType = sourcecode.swift; path = AppDelegate.swift; sourceTree = "<group>"; };
		D97166742511B003002DC5B0 /* LandingViewController.swift */ = {isa = PBXFileReference; lastKnownFileType = sourcecode.swift; path = LandingViewController.swift; sourceTree = "<group>"; };
		D97166772511B003002DC5B0 /* Base */ = {isa = PBXFileReference; lastKnownFileType = file.storyboard; name = Base; path = Base.lproj/Main.storyboard; sourceTree = "<group>"; };
		D97166792511B004002DC5B0 /* Assets.xcassets */ = {isa = PBXFileReference; lastKnownFileType = folder.assetcatalog; path = Assets.xcassets; sourceTree = "<group>"; };
		D971667C2511B004002DC5B0 /* Base */ = {isa = PBXFileReference; lastKnownFileType = file.storyboard; name = Base; path = Base.lproj/LaunchScreen.storyboard; sourceTree = "<group>"; };
		D971667E2511B004002DC5B0 /* Info.plist */ = {isa = PBXFileReference; lastKnownFileType = text.plist.xml; name = Info.plist; path = "SwiftyCareer/Supporting Files/Info.plist"; sourceTree = SOURCE_ROOT; };
		D97166832511B004002DC5B0 /* SwiftyCareerTests.xctest */ = {isa = PBXFileReference; explicitFileType = wrapper.cfbundle; includeInIndex = 0; path = SwiftyCareerTests.xctest; sourceTree = BUILT_PRODUCTS_DIR; };
		D97166872511B004002DC5B0 /* SwiftyCareerTests.swift */ = {isa = PBXFileReference; lastKnownFileType = sourcecode.swift; path = SwiftyCareerTests.swift; sourceTree = "<group>"; };
		D97166892511B004002DC5B0 /* Info.plist */ = {isa = PBXFileReference; lastKnownFileType = text.plist.xml; path = Info.plist; sourceTree = "<group>"; };
		D971668E2511B004002DC5B0 /* SwiftyCareerUITests.xctest */ = {isa = PBXFileReference; explicitFileType = wrapper.cfbundle; includeInIndex = 0; path = SwiftyCareerUITests.xctest; sourceTree = BUILT_PRODUCTS_DIR; };
		D97166922511B004002DC5B0 /* SwiftyCareerUITests.swift */ = {isa = PBXFileReference; lastKnownFileType = sourcecode.swift; path = SwiftyCareerUITests.swift; sourceTree = "<group>"; };
		D97166942511B004002DC5B0 /* Info.plist */ = {isa = PBXFileReference; lastKnownFileType = text.plist.xml; path = Info.plist; sourceTree = "<group>"; };
		D97166FC2511B3C9002DC5B0 /* Globals.swift */ = {isa = PBXFileReference; lastKnownFileType = sourcecode.swift; path = Globals.swift; sourceTree = "<group>"; };
		D988B09A25182A4000EF7BBA /* SCTextView.swift */ = {isa = PBXFileReference; lastKnownFileType = sourcecode.swift; path = SCTextView.swift; sourceTree = "<group>"; };
		D98C58AE2511C91C00D06554 /* SF-UI-Text-MediumItalic.otf */ = {isa = PBXFileReference; lastKnownFileType = file; path = "SF-UI-Text-MediumItalic.otf"; sourceTree = "<group>"; };
		D98C58AF2511C91C00D06554 /* SF-UI-Text-Semibold.otf */ = {isa = PBXFileReference; lastKnownFileType = file; path = "SF-UI-Text-Semibold.otf"; sourceTree = "<group>"; };
		D98C58B02511C91D00D06554 /* SF-UI-Text-Regular.otf */ = {isa = PBXFileReference; lastKnownFileType = file; path = "SF-UI-Text-Regular.otf"; sourceTree = "<group>"; };
		D98C58B12511C91D00D06554 /* SF-UI-Text-Heavy.otf */ = {isa = PBXFileReference; lastKnownFileType = file; path = "SF-UI-Text-Heavy.otf"; sourceTree = "<group>"; };
		D98C58B22511C91D00D06554 /* SF-UI-Text-SemiboldItalic.otf */ = {isa = PBXFileReference; lastKnownFileType = file; path = "SF-UI-Text-SemiboldItalic.otf"; sourceTree = "<group>"; };
		D98C58B32511C91D00D06554 /* SF-UI-Text-Bold.otf */ = {isa = PBXFileReference; lastKnownFileType = file; path = "SF-UI-Text-Bold.otf"; sourceTree = "<group>"; };
		D98C58B42511C91D00D06554 /* SF-UI-Display-Medium.otf */ = {isa = PBXFileReference; lastKnownFileType = file; path = "SF-UI-Display-Medium.otf"; sourceTree = "<group>"; };
		D98C58B52511C91D00D06554 /* SF-UI-Text-Light.otf */ = {isa = PBXFileReference; lastKnownFileType = file; path = "SF-UI-Text-Light.otf"; sourceTree = "<group>"; };
		D98C58B62511C91D00D06554 /* SF-UI-Text-BoldItalic.otf */ = {isa = PBXFileReference; lastKnownFileType = file; path = "SF-UI-Text-BoldItalic.otf"; sourceTree = "<group>"; };
		D98C58B72511C91E00D06554 /* SF-UI-Display-Black.otf */ = {isa = PBXFileReference; lastKnownFileType = file; path = "SF-UI-Display-Black.otf"; sourceTree = "<group>"; };
		D98C58B82511C91E00D06554 /* SF-UI-Display-Bold.otf */ = {isa = PBXFileReference; lastKnownFileType = file; path = "SF-UI-Display-Bold.otf"; sourceTree = "<group>"; };
		D98C58B92511C91E00D06554 /* SF-UI-Text-HeavyItalic.otf */ = {isa = PBXFileReference; lastKnownFileType = file; path = "SF-UI-Text-HeavyItalic.otf"; sourceTree = "<group>"; };
		D98C58BA2511C91E00D06554 /* SF-UI-Display-Semibold.otf */ = {isa = PBXFileReference; lastKnownFileType = file; path = "SF-UI-Display-Semibold.otf"; sourceTree = "<group>"; };
		D98C58BB2511C91E00D06554 /* SF-UI-Display-Heavy.otf */ = {isa = PBXFileReference; lastKnownFileType = file; path = "SF-UI-Display-Heavy.otf"; sourceTree = "<group>"; };
		D98C58BC2511C91E00D06554 /* SF-UI-Text-Medium.otf */ = {isa = PBXFileReference; lastKnownFileType = file; path = "SF-UI-Text-Medium.otf"; sourceTree = "<group>"; };
		D98C58BD2511C91E00D06554 /* SF-UI-Text-RegularItalic.otf */ = {isa = PBXFileReference; lastKnownFileType = file; path = "SF-UI-Text-RegularItalic.otf"; sourceTree = "<group>"; };
		D98C58BE2511C91F00D06554 /* SF-UI-Display-Regular.otf */ = {isa = PBXFileReference; lastKnownFileType = file; path = "SF-UI-Display-Regular.otf"; sourceTree = "<group>"; };
		D98C58BF2511C91F00D06554 /* SF-UI-Display-Thin.otf */ = {isa = PBXFileReference; lastKnownFileType = file; path = "SF-UI-Display-Thin.otf"; sourceTree = "<group>"; };
		D98C58C02511C91F00D06554 /* SF-UI-Display-Light.otf */ = {isa = PBXFileReference; lastKnownFileType = file; path = "SF-UI-Display-Light.otf"; sourceTree = "<group>"; };
		D98C58C12511C91F00D06554 /* SF-UI-Text-LightItalic.otf */ = {isa = PBXFileReference; lastKnownFileType = file; path = "SF-UI-Text-LightItalic.otf"; sourceTree = "<group>"; };
		D98C58C22511C91F00D06554 /* SF-UI-Display-Ultralight.otf */ = {isa = PBXFileReference; lastKnownFileType = file; path = "SF-UI-Display-Ultralight.otf"; sourceTree = "<group>"; };
		D98C58DB2511D68B00D06554 /* RegisterViewController.swift */ = {isa = PBXFileReference; lastKnownFileType = sourcecode.swift; path = RegisterViewController.swift; sourceTree = "<group>"; };
		D98C58F12511EC0300D06554 /* RootViewController.swift */ = {isa = PBXFileReference; lastKnownFileType = sourcecode.swift; path = RootViewController.swift; sourceTree = "<group>"; };
		D98C58F72511F36500D06554 /* FeedTableViewController.swift */ = {isa = PBXFileReference; lastKnownFileType = sourcecode.swift; path = FeedTableViewController.swift; sourceTree = "<group>"; };
		D98C58FC2511FA4C00D06554 /* Env.swift */ = {isa = PBXFileReference; lastKnownFileType = sourcecode.swift; path = Env.swift; sourceTree = "<group>"; };
		D98C590D2512023700D06554 /* LeftMenuViewController.swift */ = {isa = PBXFileReference; lastKnownFileType = sourcecode.swift; path = LeftMenuViewController.swift; sourceTree = "<group>"; };
		D98C59122512041600D06554 /* MessageViewController.swift */ = {isa = PBXFileReference; lastKnownFileType = sourcecode.swift; path = MessageViewController.swift; sourceTree = "<group>"; };
		D9CB4F932568FA8100A16CA0 /* JobTableViewController.swift */ = {isa = PBXFileReference; lastKnownFileType = sourcecode.swift; path = JobTableViewController.swift; sourceTree = "<group>"; };
		D9F0B8D5251329BE009C7191 /* PZPullToRefresh.swift */ = {isa = PBXFileReference; fileEncoding = 4; lastKnownFileType = sourcecode.swift; path = PZPullToRefresh.swift; sourceTree = "<group>"; };
		D9F0B8DA25132C4A009C7191 /* LoadingCell.swift */ = {isa = PBXFileReference; lastKnownFileType = sourcecode.swift; path = LoadingCell.swift; sourceTree = "<group>"; };
		D9F0B8DB25132C4A009C7191 /* LoadingCell.xib */ = {isa = PBXFileReference; lastKnownFileType = file.xib; path = LoadingCell.xib; sourceTree = "<group>"; };
/* End PBXFileReference section */

/* Begin PBXFrameworksBuildPhase section */
		D971666A2511B003002DC5B0 /* Frameworks */ = {
			isa = PBXFrameworksBuildPhase;
			buildActionMask = 2147483647;
			files = (
				89900EA426C0873500521B20 /* SCWebAPI.framework in Frameworks */,
			);
			runOnlyForDeploymentPostprocessing = 0;
		};
		D97166802511B004002DC5B0 /* Frameworks */ = {
			isa = PBXFrameworksBuildPhase;
			buildActionMask = 2147483647;
			files = (
			);
			runOnlyForDeploymentPostprocessing = 0;
		};
		D971668B2511B004002DC5B0 /* Frameworks */ = {
			isa = PBXFrameworksBuildPhase;
			buildActionMask = 2147483647;
			files = (
			);
			runOnlyForDeploymentPostprocessing = 0;
		};
/* End PBXFrameworksBuildPhase section */

/* Begin PBXGroup section */
		892A4E8926D9BCC900AB5343 /* DynamicBlurView */ = {
			isa = PBXGroup;
			children = (
				892A4E8A26D9BCC900AB5343 /* CGImage+Accelerate.swift */,
				892A4E8B26D9BCC900AB5343 /* CGContext+CGImage.swift */,
				892A4E8C26D9BCC900AB5343 /* CaptureQuality.swift */,
				892A4E8D26D9BCC900AB5343 /* CGRect+Conversion.swift */,
				892A4E8E26D9BCC900AB5343 /* TrackingMode.swift */,
				892A4E8F26D9BCC900AB5343 /* UIImage+Blur.swift */,
				892A4E9026D9BCC900AB5343 /* BlurLayer.swift */,
				892A4E9126D9BCC900AB5343 /* CALayer+Conversion.swift */,
				892A4E9226D9BCC900AB5343 /* DynamicBlurView.swift */,
			);
			path = DynamicBlurView;
			sourceTree = "<group>";
		};
		89900E9A26C0812300521B20 /* Products */ = {
			isa = PBXGroup;
			children = (
				89900E9F26C0812300521B20 /* SCWebAPI.framework */,
				89900EA126C0812300521B20 /* SCWebAPITests.xctest */,
			);
			name = Products;
			sourceTree = "<group>";
		};
		89A276E926D2D1530049FF82 /* Compose */ = {
			isa = PBXGroup;
			children = (
				89A276F026D362390049FF82 /* WebContent */,
				89A276EE26D2D4920049FF82 /* ComposeViewController.swift */,
				892A4E7F26D429A900AB5343 /* ComposeAccessoryView.swift */,
				892A4E8326D429B900AB5343 /* ComposeAccessoryView.xib */,
			);
			path = Compose;
			sourceTree = "<group>";
		};
		89A276F026D362390049FF82 /* WebContent */ = {
			isa = PBXGroup;
			children = (
				89A276F126D3625B0049FF82 /* compose.html */,
				89A276F326D3626D0049FF82 /* compose.css */,
				89A276F526D362790049FF82 /* compose.js */,
			);
			path = WebContent;
			sourceTree = "<group>";
		};
		D9236DE1256C1CAF00A51102 /* Connections */ = {
			isa = PBXGroup;
			children = (
			);
			path = Connections;
			sourceTree = "<group>";
		};
		D9236DE2256C1CB900A51102 /* Notifications */ = {
			isa = PBXGroup;
			children = (
			);
			path = Notifications;
			sourceTree = "<group>";
		};
		D9236DE3256C1CCC00A51102 /* Tabs */ = {
			isa = PBXGroup;
			children = (
				89A276E926D2D1530049FF82 /* Compose */,
				D9CB4F922568FA3800A16CA0 /* Job */,
				D98C58F62511F35400D06554 /* Feed */,
				D9236DE1256C1CAF00A51102 /* Connections */,
				D9236DE2256C1CB900A51102 /* Notifications */,
			);
			path = Tabs;
			sourceTree = "<group>";
		};
		D9254C8D251358570050E936 /* PopupDialog */ = {
			isa = PBXGroup;
			children = (
				D9254C9B2513586C0050E936 /* InteractiveTransition.swift */,
				D9254C952513586B0050E936 /* PopupDialog.swift */,
				D9254C962513586B0050E936 /* PopupDialog+Keyboard.swift */,
				D9254C902513586B0050E936 /* PopupDialogButton.swift */,
				D9254C912513586B0050E936 /* PopupDialogContainerView.swift */,
				D9254C8F2513586B0050E936 /* PopupDialogDefaultButtons.swift */,
				D9254C9A2513586C0050E936 /* PopupDialogDefaultView.swift */,
				D9254C9C2513586C0050E936 /* PopupDialogDefaultViewController.swift */,
				D9254C8E2513586B0050E936 /* PopupDialogOverlayView.swift */,
				D9254C942513586B0050E936 /* PresentationController.swift */,
				D9254C932513586B0050E936 /* PresentationManager.swift */,
				D9254C922513586B0050E936 /* TransitionAnimations.swift */,
				D9254C972513586B0050E936 /* TransitionAnimator.swift */,
				D9254C982513586B0050E936 /* UIImageView+Calculations.swift */,
				D9254C9D2513586C0050E936 /* UIView+Animations.swift */,
				D9254C992513586B0050E936 /* UIViewController+Visibility.swift */,
			);
			path = PopupDialog;
			sourceTree = "<group>";
		};
		D9254CE42513A4560050E936 /* DataModel */ = {
			isa = PBXGroup;
			children = (
				D9236DF6256C204E00A51102 /* SCObject.swift */,
				D9254CDA25139ECB0050E936 /* Feed.swift */,
				D9254CDF2513A0400050E936 /* User.swift */,
			);
			path = DataModel;
			sourceTree = "<group>";
		};
		D9254CE52513A4630050E936 /* ViewModel */ = {
			isa = PBXGroup;
			children = (
				D9254CE62513A46E0050E936 /* FeedViewModel.swift */,
				D9236DF1256C201500A51102 /* SCViewModel.swift */,
			);
			path = ViewModel;
			sourceTree = "<group>";
		};
		D96221E12512F33E005A96EA /* CustomViews */ = {
			isa = PBXGroup;
			children = (
				D9F0B8D5251329BE009C7191 /* PZPullToRefresh.swift */,
				D988B09A25182A4000EF7BBA /* SCTextView.swift */,
				D9236DEC256C1FEE00A51102 /* SCTableViewController.swift */,
				D9236E06256DDACB00A51102 /* SCNavigationBar.swift */,
				D9236DE4256C1D2B00A51102 /* CustomSearchBar.swift */,
				89D1B99F26C682B4002A0F83 /* SCImageView.swift */,
				892A4E8926D9BCC900AB5343 /* DynamicBlurView */,
				D9254C8D251358570050E936 /* PopupDialog */,
				D96222272512F41C005A96EA /* ETCarouSwift */,
				D96221E22512F367005A96EA /* DrawerMenu */,
			);
			path = CustomViews;
			sourceTree = "<group>";
		};
		D96221E22512F367005A96EA /* DrawerMenu */ = {
			isa = PBXGroup;
			children = (
				D96222182512F3D6005A96EA /* DrawerMenuStyle.swift */,
				D96222192512F3D6005A96EA /* Floating.swift */,
				D962221B2512F3D6005A96EA /* Overlay.swift */,
				D962221A2512F3D6005A96EA /* Parallax.swift */,
				D962221C2512F3D6005A96EA /* Slide.swift */,
				D962221D2512F3D6005A96EA /* SlideIn.swift */,
				D96222132512F3D0005A96EA /* DrawerMenu.swift */,
			);
			path = DrawerMenu;
			sourceTree = "<group>";
		};
		D96222272512F41C005A96EA /* ETCarouSwift */ = {
			isa = PBXGroup;
			children = (
				D96222282512F426005A96EA /* CarouCollectionView.swift */,
				D962222A2512F427005A96EA /* CarouPageControl.swift */,
				D962222B2512F427005A96EA /* CarouView.swift */,
			);
			path = ETCarouSwift;
			sourceTree = "<group>";
		};
		D97166642511B003002DC5B0 = {
			isa = PBXGroup;
			children = (
				89900E9926C0812300521B20 /* SCWebAPI.xcodeproj */,
				D971666F2511B003002DC5B0 /* SwiftyCareer */,
				D97166862511B004002DC5B0 /* SwiftyCareerTests */,
				D97166912511B004002DC5B0 /* SwiftyCareerUITests */,
				D971666E2511B003002DC5B0 /* Products */,
			);
			sourceTree = "<group>";
		};
		D971666E2511B003002DC5B0 /* Products */ = {
			isa = PBXGroup;
			children = (
				D971666D2511B003002DC5B0 /* SwiftyCareer.app */,
				D97166832511B004002DC5B0 /* SwiftyCareerTests.xctest */,
				D971668E2511B004002DC5B0 /* SwiftyCareerUITests.xctest */,
			);
			name = Products;
			sourceTree = "<group>";
		};
		D971666F2511B003002DC5B0 /* SwiftyCareer */ = {
			isa = PBXGroup;
			children = (
				D97166F82511B3AE002DC5B0 /* UI */,
				D97166F72511B3A4002DC5B0 /* Model */,
				D97166702511B003002DC5B0 /* AppDelegate.swift */,
				D97166FC2511B3C9002DC5B0 /* Globals.swift */,
				D97166B92511B0E2002DC5B0 /* Supporting Files */,
			);
			path = SwiftyCareer;
			sourceTree = "<group>";
		};
		D97166862511B004002DC5B0 /* SwiftyCareerTests */ = {
			isa = PBXGroup;
			children = (
				D97166872511B004002DC5B0 /* SwiftyCareerTests.swift */,
				D97166892511B004002DC5B0 /* Info.plist */,
			);
			path = SwiftyCareerTests;
			sourceTree = "<group>";
		};
		D97166912511B004002DC5B0 /* SwiftyCareerUITests */ = {
			isa = PBXGroup;
			children = (
				D97166922511B004002DC5B0 /* SwiftyCareerUITests.swift */,
				D97166942511B004002DC5B0 /* Info.plist */,
			);
			path = SwiftyCareerUITests;
			sourceTree = "<group>";
		};
		D97166B92511B0E2002DC5B0 /* Supporting Files */ = {
			isa = PBXGroup;
			children = (
				D98C58AD2511C91100D06554 /* Fonts */,
				D97166762511B003002DC5B0 /* Main.storyboard */,
				D97166792511B004002DC5B0 /* Assets.xcassets */,
				D971667B2511B004002DC5B0 /* LaunchScreen.storyboard */,
				D971667E2511B004002DC5B0 /* Info.plist */,
				D98C58FC2511FA4C00D06554 /* Env.swift */,
			);
			path = "Supporting Files";
			sourceTree = "<group>";
		};
		D97166F72511B3A4002DC5B0 /* Model */ = {
			isa = PBXGroup;
			children = (
				D9254CE52513A4630050E936 /* ViewModel */,
				D9254CE42513A4560050E936 /* DataModel */,
				D96221AF2512EA48005A96EA /* DummyFeeder.swift */,
			);
			path = Model;
			sourceTree = "<group>";
		};
		D97166F82511B3AE002DC5B0 /* UI */ = {
			isa = PBXGroup;
			children = (
				D96221E12512F33E005A96EA /* CustomViews */,
				D9236DE3256C1CCC00A51102 /* Tabs */,
				D98C593A25120A4100D06554 /* Message */,
				D98C593925120A3900D06554 /* Left Menu */,
				D98C593825120A2500D06554 /* Landing */,
				D98C58F12511EC0300D06554 /* RootViewController.swift */,
			);
			path = UI;
			sourceTree = "<group>";
		};
		D98C58AD2511C91100D06554 /* Fonts */ = {
			isa = PBXGroup;
			children = (
				D98C58B72511C91E00D06554 /* SF-UI-Display-Black.otf */,
				D98C58B82511C91E00D06554 /* SF-UI-Display-Bold.otf */,
				D98C58BB2511C91E00D06554 /* SF-UI-Display-Heavy.otf */,
				D98C58C02511C91F00D06554 /* SF-UI-Display-Light.otf */,
				D98C58B42511C91D00D06554 /* SF-UI-Display-Medium.otf */,
				D98C58BE2511C91F00D06554 /* SF-UI-Display-Regular.otf */,
				D98C58BA2511C91E00D06554 /* SF-UI-Display-Semibold.otf */,
				D98C58BF2511C91F00D06554 /* SF-UI-Display-Thin.otf */,
				D98C58C22511C91F00D06554 /* SF-UI-Display-Ultralight.otf */,
				D98C58B32511C91D00D06554 /* SF-UI-Text-Bold.otf */,
				D98C58B62511C91D00D06554 /* SF-UI-Text-BoldItalic.otf */,
				D98C58B12511C91D00D06554 /* SF-UI-Text-Heavy.otf */,
				D98C58B92511C91E00D06554 /* SF-UI-Text-HeavyItalic.otf */,
				D98C58B52511C91D00D06554 /* SF-UI-Text-Light.otf */,
				D98C58C12511C91F00D06554 /* SF-UI-Text-LightItalic.otf */,
				D98C58BC2511C91E00D06554 /* SF-UI-Text-Medium.otf */,
				D98C58AE2511C91C00D06554 /* SF-UI-Text-MediumItalic.otf */,
				D98C58B02511C91D00D06554 /* SF-UI-Text-Regular.otf */,
				D98C58BD2511C91E00D06554 /* SF-UI-Text-RegularItalic.otf */,
				D98C58AF2511C91C00D06554 /* SF-UI-Text-Semibold.otf */,
				D98C58B22511C91D00D06554 /* SF-UI-Text-SemiboldItalic.otf */,
			);
			path = Fonts;
			sourceTree = "<group>";
		};
		D98C58F62511F35400D06554 /* Feed */ = {
			isa = PBXGroup;
			children = (
				D98C58F72511F36500D06554 /* FeedTableViewController.swift */,
				D962224325130390005A96EA /* FeedCell.swift */,
				89299939263A026900DA1681 /* FeedCellNoImage.swift */,
				D9F0B8DA25132C4A009C7191 /* LoadingCell.swift */,
				D9F0B8DB25132C4A009C7191 /* LoadingCell.xib */,
				D962224425130390005A96EA /* FeedCell.xib */,
				8929993A263A026900DA1681 /* FeedCellNoImage.xib */,
			);
			path = Feed;
			sourceTree = "<group>";
		};
		D98C593825120A2500D06554 /* Landing */ = {
			isa = PBXGroup;
			children = (
				D97166742511B003002DC5B0 /* LandingViewController.swift */,
				D98C58DB2511D68B00D06554 /* RegisterViewController.swift */,
			);
			path = Landing;
			sourceTree = "<group>";
		};
		D98C593925120A3900D06554 /* Left Menu */ = {
			isa = PBXGroup;
			children = (
				D98C590D2512023700D06554 /* LeftMenuViewController.swift */,
			);
			path = "Left Menu";
			sourceTree = "<group>";
		};
		D98C593A25120A4100D06554 /* Message */ = {
			isa = PBXGroup;
			children = (
				D98C59122512041600D06554 /* MessageViewController.swift */,
			);
			path = Message;
			sourceTree = "<group>";
		};
		D9CB4F922568FA3800A16CA0 /* Job */ = {
			isa = PBXGroup;
			children = (
				D9CB4F932568FA8100A16CA0 /* JobTableViewController.swift */,
				D9236DD425691E6700A51102 /* UserCell.swift */,
				D9236DD525691E6700A51102 /* UserCell.xib */,
			);
			path = Job;
			sourceTree = "<group>";
		};
/* End PBXGroup section */

/* Begin PBXNativeTarget section */
		D971666C2511B003002DC5B0 /* SwiftyCareer */ = {
			isa = PBXNativeTarget;
			buildConfigurationList = D97166972511B004002DC5B0 /* Build configuration list for PBXNativeTarget "SwiftyCareer" */;
			buildPhases = (
				D97166692511B003002DC5B0 /* Sources */,
				D971666A2511B003002DC5B0 /* Frameworks */,
				D971666B2511B003002DC5B0 /* Resources */,
				89900EA626C0873500521B20 /* Embed Frameworks */,
			);
			buildRules = (
			);
			dependencies = (
			);
			name = SwiftyCareer;
			productName = SwiftyCareer;
			productReference = D971666D2511B003002DC5B0 /* SwiftyCareer.app */;
			productType = "com.apple.product-type.application";
		};
		D97166822511B004002DC5B0 /* SwiftyCareerTests */ = {
			isa = PBXNativeTarget;
			buildConfigurationList = D971669A2511B004002DC5B0 /* Build configuration list for PBXNativeTarget "SwiftyCareerTests" */;
			buildPhases = (
				D971667F2511B004002DC5B0 /* Sources */,
				D97166802511B004002DC5B0 /* Frameworks */,
				D97166812511B004002DC5B0 /* Resources */,
			);
			buildRules = (
			);
			dependencies = (
				D97166852511B004002DC5B0 /* PBXTargetDependency */,
			);
			name = SwiftyCareerTests;
			productName = SwiftyCareerTests;
			productReference = D97166832511B004002DC5B0 /* SwiftyCareerTests.xctest */;
			productType = "com.apple.product-type.bundle.unit-test";
		};
		D971668D2511B004002DC5B0 /* SwiftyCareerUITests */ = {
			isa = PBXNativeTarget;
			buildConfigurationList = D971669D2511B004002DC5B0 /* Build configuration list for PBXNativeTarget "SwiftyCareerUITests" */;
			buildPhases = (
				D971668A2511B004002DC5B0 /* Sources */,
				D971668B2511B004002DC5B0 /* Frameworks */,
				D971668C2511B004002DC5B0 /* Resources */,
			);
			buildRules = (
			);
			dependencies = (
				D97166902511B004002DC5B0 /* PBXTargetDependency */,
			);
			name = SwiftyCareerUITests;
			productName = SwiftyCareerUITests;
			productReference = D971668E2511B004002DC5B0 /* SwiftyCareerUITests.xctest */;
			productType = "com.apple.product-type.bundle.ui-testing";
		};
/* End PBXNativeTarget section */

/* Begin PBXProject section */
		D97166652511B003002DC5B0 /* Project object */ = {
			isa = PBXProject;
			attributes = {
				LastSwiftUpdateCheck = 1200;
				LastUpgradeCheck = 1200;
				TargetAttributes = {
					D971666C2511B003002DC5B0 = {
						CreatedOnToolsVersion = 12.0;
					};
					D97166822511B004002DC5B0 = {
						CreatedOnToolsVersion = 12.0;
						TestTargetID = D971666C2511B003002DC5B0;
					};
					D971668D2511B004002DC5B0 = {
						CreatedOnToolsVersion = 12.0;
						TestTargetID = D971666C2511B003002DC5B0;
					};
				};
			};
			buildConfigurationList = D97166682511B003002DC5B0 /* Build configuration list for PBXProject "SwiftyCareer" */;
			compatibilityVersion = "Xcode 9.3";
			developmentRegion = en;
			hasScannedForEncodings = 0;
			knownRegions = (
				en,
				Base,
			);
			mainGroup = D97166642511B003002DC5B0;
			productRefGroup = D971666E2511B003002DC5B0 /* Products */;
			projectDirPath = "";
			projectReferences = (
				{
					ProductGroup = 89900E9A26C0812300521B20 /* Products */;
					ProjectRef = 89900E9926C0812300521B20 /* SCWebAPI.xcodeproj */;
				},
			);
			projectRoot = "";
			targets = (
				D971666C2511B003002DC5B0 /* SwiftyCareer */,
				D97166822511B004002DC5B0 /* SwiftyCareerTests */,
				D971668D2511B004002DC5B0 /* SwiftyCareerUITests */,
			);
		};
/* End PBXProject section */

/* Begin PBXReferenceProxy section */
		89900E9F26C0812300521B20 /* SCWebAPI.framework */ = {
			isa = PBXReferenceProxy;
			fileType = wrapper.framework;
			path = SCWebAPI.framework;
			remoteRef = 89900E9E26C0812300521B20 /* PBXContainerItemProxy */;
			sourceTree = BUILT_PRODUCTS_DIR;
		};
		89900EA126C0812300521B20 /* SCWebAPITests.xctest */ = {
			isa = PBXReferenceProxy;
			fileType = wrapper.cfbundle;
			path = SCWebAPITests.xctest;
			remoteRef = 89900EA026C0812300521B20 /* PBXContainerItemProxy */;
			sourceTree = BUILT_PRODUCTS_DIR;
		};
/* End PBXReferenceProxy section */

/* Begin PBXResourcesBuildPhase section */
		D971666B2511B003002DC5B0 /* Resources */ = {
			isa = PBXResourcesBuildPhase;
			buildActionMask = 2147483647;
			files = (
				8929993C263A026900DA1681 /* FeedCellNoImage.xib in Resources */,
				D98C58C32511C93800D06554 /* SF-UI-Display-Black.otf in Resources */,
				89A276F226D3625C0049FF82 /* compose.html in Resources */,
				D98C58C42511C93800D06554 /* SF-UI-Display-Bold.otf in Resources */,
				D98C58C52511C93800D06554 /* SF-UI-Display-Heavy.otf in Resources */,
				D98C58C62511C93800D06554 /* SF-UI-Display-Light.otf in Resources */,
				D962224625130390005A96EA /* FeedCell.xib in Resources */,
				D98C58C72511C93800D06554 /* SF-UI-Display-Medium.otf in Resources */,
				D98C58C82511C93800D06554 /* SF-UI-Display-Regular.otf in Resources */,
				D98C58C92511C93800D06554 /* SF-UI-Display-Semibold.otf in Resources */,
				D98C58CA2511C93800D06554 /* SF-UI-Display-Thin.otf in Resources */,
				D98C58CB2511C93800D06554 /* SF-UI-Display-Ultralight.otf in Resources */,
				D98C58CC2511C93800D06554 /* SF-UI-Text-Bold.otf in Resources */,
				D9236DD725691E6700A51102 /* UserCell.xib in Resources */,
				892A4E8426D429B900AB5343 /* ComposeAccessoryView.xib in Resources */,
				D98C58CD2511C93800D06554 /* SF-UI-Text-BoldItalic.otf in Resources */,
				D98C58CE2511C93800D06554 /* SF-UI-Text-Heavy.otf in Resources */,
				D98C58CF2511C93800D06554 /* SF-UI-Text-HeavyItalic.otf in Resources */,
				D9F0B8DD25132C4A009C7191 /* LoadingCell.xib in Resources */,
				D98C58D02511C93800D06554 /* SF-UI-Text-Light.otf in Resources */,
				D98C58D12511C93800D06554 /* SF-UI-Text-LightItalic.otf in Resources */,
				D98C58D22511C93800D06554 /* SF-UI-Text-Medium.otf in Resources */,
				D98C58D32511C93800D06554 /* SF-UI-Text-MediumItalic.otf in Resources */,
				89A276F426D3626D0049FF82 /* compose.css in Resources */,
				D98C58D42511C93800D06554 /* SF-UI-Text-Regular.otf in Resources */,
				89A276F626D362790049FF82 /* compose.js in Resources */,
				D98C58D52511C93800D06554 /* SF-UI-Text-RegularItalic.otf in Resources */,
				D98C58D62511C93800D06554 /* SF-UI-Text-Semibold.otf in Resources */,
				D98C58D72511C93800D06554 /* SF-UI-Text-SemiboldItalic.otf in Resources */,
				D97166E12511B19A002DC5B0 /* LaunchScreen.storyboard in Resources */,
				D97166DD2511B196002DC5B0 /* Main.storyboard in Resources */,
				D97166C42511B11C002DC5B0 /* Assets.xcassets in Resources */,
			);
			runOnlyForDeploymentPostprocessing = 0;
		};
		D97166812511B004002DC5B0 /* Resources */ = {
			isa = PBXResourcesBuildPhase;
			buildActionMask = 2147483647;
			files = (
			);
			runOnlyForDeploymentPostprocessing = 0;
		};
		D971668C2511B004002DC5B0 /* Resources */ = {
			isa = PBXResourcesBuildPhase;
			buildActionMask = 2147483647;
			files = (
			);
			runOnlyForDeploymentPostprocessing = 0;
		};
/* End PBXResourcesBuildPhase section */

/* Begin PBXSourcesBuildPhase section */
		D97166692511B003002DC5B0 /* Sources */ = {
			isa = PBXSourcesBuildPhase;
			buildActionMask = 2147483647;
			files = (
				D9254CA52513586C0050E936 /* PopupDialog.swift in Sources */,
				D97166FD2511B3C9002DC5B0 /* Globals.swift in Sources */,
				D962222C2512F427005A96EA /* CarouCollectionView.swift in Sources */,
				D98C58DC2511D68B00D06554 /* RegisterViewController.swift in Sources */,
				D9254CA82513586C0050E936 /* UIImageView+Calculations.swift in Sources */,
				D9254CAD2513586C0050E936 /* UIView+Animations.swift in Sources */,
				D9254CA22513586C0050E936 /* TransitionAnimations.swift in Sources */,
				D962221E2512F3D7005A96EA /* DrawerMenuStyle.swift in Sources */,
				D9236DED256C1FEE00A51102 /* SCTableViewController.swift in Sources */,
				8929993B263A026900DA1681 /* FeedCellNoImage.swift in Sources */,
				D9236DF2256C201500A51102 /* SCViewModel.swift in Sources */,
				D98C58F22511EC0300D06554 /* RootViewController.swift in Sources */,
				D9236E07256DDACB00A51102 /* SCNavigationBar.swift in Sources */,
				D98C58F82511F36500D06554 /* FeedTableViewController.swift in Sources */,
				D9CB4F942568FA8100A16CA0 /* JobTableViewController.swift in Sources */,
				892A4E9A26D9BCC900AB5343 /* CALayer+Conversion.swift in Sources */,
				D9254C9F2513586C0050E936 /* PopupDialogDefaultButtons.swift in Sources */,
				D98C59132512041600D06554 /* MessageViewController.swift in Sources */,
				892A4E9426D9BCC900AB5343 /* CGContext+CGImage.swift in Sources */,
				D97166752511B003002DC5B0 /* LandingViewController.swift in Sources */,
				D96222232512F3D7005A96EA /* SlideIn.swift in Sources */,
				892A4E9726D9BCC900AB5343 /* TrackingMode.swift in Sources */,
				D9254CAC2513586C0050E936 /* PopupDialogDefaultViewController.swift in Sources */,
				D962221F2512F3D7005A96EA /* Floating.swift in Sources */,
				D9254CA12513586C0050E936 /* PopupDialogContainerView.swift in Sources */,
				D96221B02512EA48005A96EA /* DummyFeeder.swift in Sources */,
				89D1B9A026C682B4002A0F83 /* SCImageView.swift in Sources */,
				D96222142512F3D0005A96EA /* DrawerMenu.swift in Sources */,
				D98C590E2512023700D06554 /* LeftMenuViewController.swift in Sources */,
				D98C58FD2511FA4C00D06554 /* Env.swift in Sources */,
				D9254CAA2513586C0050E936 /* PopupDialogDefaultView.swift in Sources */,
				D9236DF7256C204E00A51102 /* SCObject.swift in Sources */,
				D97166712511B003002DC5B0 /* AppDelegate.swift in Sources */,
				D962224525130390005A96EA /* FeedCell.swift in Sources */,
				D9254CE02513A0400050E936 /* User.swift in Sources */,
				D9254C9E2513586C0050E936 /* PopupDialogOverlayView.swift in Sources */,
				892A4E9926D9BCC900AB5343 /* BlurLayer.swift in Sources */,
				D9254CA62513586C0050E936 /* PopupDialog+Keyboard.swift in Sources */,
				89A276EF26D2D4920049FF82 /* ComposeViewController.swift in Sources */,
				D96222202512F3D7005A96EA /* Parallax.swift in Sources */,
				D962222E2512F427005A96EA /* CarouView.swift in Sources */,
				D9F0B8DC25132C4A009C7191 /* LoadingCell.swift in Sources */,
				D9254CE72513A46E0050E936 /* FeedViewModel.swift in Sources */,
				D9F0B8D6251329BE009C7191 /* PZPullToRefresh.swift in Sources */,
				D9236DE5256C1D2B00A51102 /* CustomSearchBar.swift in Sources */,
				892A4E9B26D9BCC900AB5343 /* DynamicBlurView.swift in Sources */,
				D988B09B25182A4000EF7BBA /* SCTextView.swift in Sources */,
				D9254CA02513586C0050E936 /* PopupDialogButton.swift in Sources */,
				892A4E9526D9BCC900AB5343 /* CaptureQuality.swift in Sources */,
				892A4E9826D9BCC900AB5343 /* UIImage+Blur.swift in Sources */,
				D96222222512F3D7005A96EA /* Slide.swift in Sources */,
				D962222D2512F427005A96EA /* CarouPageControl.swift in Sources */,
				892A4E9626D9BCC900AB5343 /* CGRect+Conversion.swift in Sources */,
				892A4E9326D9BCC900AB5343 /* CGImage+Accelerate.swift in Sources */,
				D9254CDB25139ECB0050E936 /* Feed.swift in Sources */,
				D9254CAB2513586C0050E936 /* InteractiveTransition.swift in Sources */,
				D9254CA72513586C0050E936 /* TransitionAnimator.swift in Sources */,
				D9236DD625691E6700A51102 /* UserCell.swift in Sources */,
				D9254CA32513586C0050E936 /* PresentationManager.swift in Sources */,
				D96222212512F3D7005A96EA /* Overlay.swift in Sources */,
				D9254CA42513586C0050E936 /* PresentationController.swift in Sources */,
				892A4E8026D429A900AB5343 /* ComposeAccessoryView.swift in Sources */,
				D9254CA92513586C0050E936 /* UIViewController+Visibility.swift in Sources */,
			);
			runOnlyForDeploymentPostprocessing = 0;
		};
		D971667F2511B004002DC5B0 /* Sources */ = {
			isa = PBXSourcesBuildPhase;
			buildActionMask = 2147483647;
			files = (
				D97166882511B004002DC5B0 /* SwiftyCareerTests.swift in Sources */,
			);
			runOnlyForDeploymentPostprocessing = 0;
		};
		D971668A2511B004002DC5B0 /* Sources */ = {
			isa = PBXSourcesBuildPhase;
			buildActionMask = 2147483647;
			files = (
				D97166932511B004002DC5B0 /* SwiftyCareerUITests.swift in Sources */,
			);
			runOnlyForDeploymentPostprocessing = 0;
		};
/* End PBXSourcesBuildPhase section */

/* Begin PBXTargetDependency section */
		D97166852511B004002DC5B0 /* PBXTargetDependency */ = {
			isa = PBXTargetDependency;
			target = D971666C2511B003002DC5B0 /* SwiftyCareer */;
			targetProxy = D97166842511B004002DC5B0 /* PBXContainerItemProxy */;
		};
		D97166902511B004002DC5B0 /* PBXTargetDependency */ = {
			isa = PBXTargetDependency;
			target = D971666C2511B003002DC5B0 /* SwiftyCareer */;
			targetProxy = D971668F2511B004002DC5B0 /* PBXContainerItemProxy */;
		};
/* End PBXTargetDependency section */

/* Begin PBXVariantGroup section */
		D97166762511B003002DC5B0 /* Main.storyboard */ = {
			isa = PBXVariantGroup;
			children = (
				D97166772511B003002DC5B0 /* Base */,
			);
			name = Main.storyboard;
			sourceTree = "<group>";
		};
		D971667B2511B004002DC5B0 /* LaunchScreen.storyboard */ = {
			isa = PBXVariantGroup;
			children = (
				D971667C2511B004002DC5B0 /* Base */,
			);
			name = LaunchScreen.storyboard;
			sourceTree = "<group>";
		};
/* End PBXVariantGroup section */

/* Begin XCBuildConfiguration section */
		D97166952511B004002DC5B0 /* Debug */ = {
			isa = XCBuildConfiguration;
			buildSettings = {
				ALWAYS_SEARCH_USER_PATHS = NO;
				CLANG_ANALYZER_NONNULL = YES;
				CLANG_ANALYZER_NUMBER_OBJECT_CONVERSION = YES_AGGRESSIVE;
				CLANG_CXX_LANGUAGE_STANDARD = "gnu++14";
				CLANG_CXX_LIBRARY = "libc++";
				CLANG_ENABLE_MODULES = YES;
				CLANG_ENABLE_OBJC_ARC = YES;
				CLANG_ENABLE_OBJC_WEAK = YES;
				CLANG_WARN_BLOCK_CAPTURE_AUTORELEASING = YES;
				CLANG_WARN_BOOL_CONVERSION = YES;
				CLANG_WARN_COMMA = YES;
				CLANG_WARN_CONSTANT_CONVERSION = YES;
				CLANG_WARN_DEPRECATED_OBJC_IMPLEMENTATIONS = YES;
				CLANG_WARN_DIRECT_OBJC_ISA_USAGE = YES_ERROR;
				CLANG_WARN_DOCUMENTATION_COMMENTS = YES;
				CLANG_WARN_EMPTY_BODY = YES;
				CLANG_WARN_ENUM_CONVERSION = YES;
				CLANG_WARN_INFINITE_RECURSION = YES;
				CLANG_WARN_INT_CONVERSION = YES;
				CLANG_WARN_NON_LITERAL_NULL_CONVERSION = YES;
				CLANG_WARN_OBJC_IMPLICIT_RETAIN_SELF = YES;
				CLANG_WARN_OBJC_LITERAL_CONVERSION = YES;
				CLANG_WARN_OBJC_ROOT_CLASS = YES_ERROR;
				CLANG_WARN_QUOTED_INCLUDE_IN_FRAMEWORK_HEADER = YES;
				CLANG_WARN_RANGE_LOOP_ANALYSIS = YES;
				CLANG_WARN_STRICT_PROTOTYPES = YES;
				CLANG_WARN_SUSPICIOUS_MOVE = YES;
				CLANG_WARN_UNGUARDED_AVAILABILITY = YES_AGGRESSIVE;
				CLANG_WARN_UNREACHABLE_CODE = YES;
				CLANG_WARN__DUPLICATE_METHOD_MATCH = YES;
				COPY_PHASE_STRIP = NO;
				DEBUG_INFORMATION_FORMAT = dwarf;
				ENABLE_STRICT_OBJC_MSGSEND = YES;
				ENABLE_TESTABILITY = YES;
				GCC_C_LANGUAGE_STANDARD = gnu11;
				GCC_DYNAMIC_NO_PIC = NO;
				GCC_NO_COMMON_BLOCKS = YES;
				GCC_OPTIMIZATION_LEVEL = 0;
				GCC_PREPROCESSOR_DEFINITIONS = (
					"DEBUG=1",
					"$(inherited)",
				);
				GCC_WARN_64_TO_32_BIT_CONVERSION = YES;
				GCC_WARN_ABOUT_RETURN_TYPE = YES_ERROR;
				GCC_WARN_UNDECLARED_SELECTOR = YES;
				GCC_WARN_UNINITIALIZED_AUTOS = YES_AGGRESSIVE;
				GCC_WARN_UNUSED_FUNCTION = YES;
				GCC_WARN_UNUSED_VARIABLE = YES;
				INFOPLIST_FILE = "SwiftyCareer/Supporting Files/Info.plist";
				INFOPLIST_OTHER_PREPROCESSOR_FLAGS = "";
				IPHONEOS_DEPLOYMENT_TARGET = 13.0;
				MTL_ENABLE_DEBUG_INFO = INCLUDE_SOURCE;
				MTL_FAST_MATH = YES;
				ONLY_ACTIVE_ARCH = YES;
				SDKROOT = iphoneos;
				SWIFT_ACTIVE_COMPILATION_CONDITIONS = DEBUG;
				SWIFT_OPTIMIZATION_LEVEL = "-Onone";
				SWIFT_VERSION = 5.0;
			};
			name = Debug;
		};
		D97166962511B004002DC5B0 /* Release */ = {
			isa = XCBuildConfiguration;
			buildSettings = {
				ALWAYS_SEARCH_USER_PATHS = NO;
				CLANG_ANALYZER_NONNULL = YES;
				CLANG_ANALYZER_NUMBER_OBJECT_CONVERSION = YES_AGGRESSIVE;
				CLANG_CXX_LANGUAGE_STANDARD = "gnu++14";
				CLANG_CXX_LIBRARY = "libc++";
				CLANG_ENABLE_MODULES = YES;
				CLANG_ENABLE_OBJC_ARC = YES;
				CLANG_ENABLE_OBJC_WEAK = YES;
				CLANG_WARN_BLOCK_CAPTURE_AUTORELEASING = YES;
				CLANG_WARN_BOOL_CONVERSION = YES;
				CLANG_WARN_COMMA = YES;
				CLANG_WARN_CONSTANT_CONVERSION = YES;
				CLANG_WARN_DEPRECATED_OBJC_IMPLEMENTATIONS = YES;
				CLANG_WARN_DIRECT_OBJC_ISA_USAGE = YES_ERROR;
				CLANG_WARN_DOCUMENTATION_COMMENTS = YES;
				CLANG_WARN_EMPTY_BODY = YES;
				CLANG_WARN_ENUM_CONVERSION = YES;
				CLANG_WARN_INFINITE_RECURSION = YES;
				CLANG_WARN_INT_CONVERSION = YES;
				CLANG_WARN_NON_LITERAL_NULL_CONVERSION = YES;
				CLANG_WARN_OBJC_IMPLICIT_RETAIN_SELF = YES;
				CLANG_WARN_OBJC_LITERAL_CONVERSION = YES;
				CLANG_WARN_OBJC_ROOT_CLASS = YES_ERROR;
				CLANG_WARN_QUOTED_INCLUDE_IN_FRAMEWORK_HEADER = YES;
				CLANG_WARN_RANGE_LOOP_ANALYSIS = YES;
				CLANG_WARN_STRICT_PROTOTYPES = YES;
				CLANG_WARN_SUSPICIOUS_MOVE = YES;
				CLANG_WARN_UNGUARDED_AVAILABILITY = YES_AGGRESSIVE;
				CLANG_WARN_UNREACHABLE_CODE = YES;
				CLANG_WARN__DUPLICATE_METHOD_MATCH = YES;
				COPY_PHASE_STRIP = NO;
				DEBUG_INFORMATION_FORMAT = "dwarf-with-dsym";
				ENABLE_NS_ASSERTIONS = NO;
				ENABLE_STRICT_OBJC_MSGSEND = YES;
				GCC_C_LANGUAGE_STANDARD = gnu11;
				GCC_NO_COMMON_BLOCKS = YES;
				GCC_WARN_64_TO_32_BIT_CONVERSION = YES;
				GCC_WARN_ABOUT_RETURN_TYPE = YES_ERROR;
				GCC_WARN_UNDECLARED_SELECTOR = YES;
				GCC_WARN_UNINITIALIZED_AUTOS = YES_AGGRESSIVE;
				GCC_WARN_UNUSED_FUNCTION = YES;
				GCC_WARN_UNUSED_VARIABLE = YES;
				INFOPLIST_FILE = "SwiftyCareer/Supporting Files/Info.plist";
				INFOPLIST_OTHER_PREPROCESSOR_FLAGS = "";
				IPHONEOS_DEPLOYMENT_TARGET = 13.0;
				MTL_ENABLE_DEBUG_INFO = NO;
				MTL_FAST_MATH = YES;
				SDKROOT = iphoneos;
				SWIFT_COMPILATION_MODE = wholemodule;
				SWIFT_OPTIMIZATION_LEVEL = "-O";
				SWIFT_VERSION = 5.0;
				VALIDATE_PRODUCT = YES;
			};
			name = Release;
		};
		D97166982511B004002DC5B0 /* Debug */ = {
			isa = XCBuildConfiguration;
			buildSettings = {
				ASSETCATALOG_COMPILER_APPICON_NAME = AppIcon;
				ASSETCATALOG_COMPILER_GLOBAL_ACCENT_COLOR_NAME = AccentColor;
				CODE_SIGN_STYLE = Automatic;
				CURRENT_PROJECT_VERSION = 4;
				DEVELOPMENT_TEAM = XS2QV44L5G;
				ENABLE_BITCODE = YES;
				INFOPLIST_FILE = "SwiftyCareer/Supporting Files/Info.plist";
				LD_RUNPATH_SEARCH_PATHS = (
					"$(inherited)",
					"@executable_path/Frameworks",
				);
				PRODUCT_BUNDLE_IDENTIFIER = com.JiaheLi.SwiftyCareer;
				PRODUCT_NAME = "$(TARGET_NAME)";
				SWIFT_VERSION = 5.0;
				TARGETED_DEVICE_FAMILY = 1;
			};
			name = Debug;
		};
		D97166992511B004002DC5B0 /* Release */ = {
			isa = XCBuildConfiguration;
			buildSettings = {
				ASSETCATALOG_COMPILER_APPICON_NAME = AppIcon;
				ASSETCATALOG_COMPILER_GLOBAL_ACCENT_COLOR_NAME = AccentColor;
				CODE_SIGN_STYLE = Automatic;
				CURRENT_PROJECT_VERSION = 4;
				DEVELOPMENT_TEAM = XS2QV44L5G;
				ENABLE_BITCODE = YES;
				INFOPLIST_FILE = "SwiftyCareer/Supporting Files/Info.plist";
				LD_RUNPATH_SEARCH_PATHS = (
					"$(inherited)",
					"@executable_path/Frameworks",
				);
				PRODUCT_BUNDLE_IDENTIFIER = com.JiaheLi.SwiftyCareer;
				PRODUCT_NAME = "$(TARGET_NAME)";
				SWIFT_ACTIVE_COMPILATION_CONDITIONS = RELEASE;
				SWIFT_VERSION = 5.0;
				TARGETED_DEVICE_FAMILY = 1;
			};
			name = Release;
		};
		D971669B2511B004002DC5B0 /* Debug */ = {
			isa = XCBuildConfiguration;
			buildSettings = {
				ALWAYS_EMBED_SWIFT_STANDARD_LIBRARIES = YES;
				BUNDLE_LOADER = "$(TEST_HOST)";
				CODE_SIGN_STYLE = Automatic;
				DEVELOPMENT_TEAM = XS2QV44L5G;
				INFOPLIST_FILE = SwiftyCareerTests/Info.plist;
				IPHONEOS_DEPLOYMENT_TARGET = 14.0;
				LD_RUNPATH_SEARCH_PATHS = (
					"$(inherited)",
					"@executable_path/Frameworks",
					"@loader_path/Frameworks",
				);
				PRODUCT_BUNDLE_IDENTIFIER = com.JiaheLi.SwiftyCareerTests;
				PRODUCT_NAME = "$(TARGET_NAME)";
				SWIFT_VERSION = 5.0;
				TARGETED_DEVICE_FAMILY = "1,2";
				TEST_HOST = "$(BUILT_PRODUCTS_DIR)/SwiftyCareer.app/SwiftyCareer";
			};
			name = Debug;
		};
		D971669C2511B004002DC5B0 /* Release */ = {
			isa = XCBuildConfiguration;
			buildSettings = {
				ALWAYS_EMBED_SWIFT_STANDARD_LIBRARIES = YES;
				BUNDLE_LOADER = "$(TEST_HOST)";
				CODE_SIGN_STYLE = Automatic;
				DEVELOPMENT_TEAM = XS2QV44L5G;
				INFOPLIST_FILE = SwiftyCareerTests/Info.plist;
				IPHONEOS_DEPLOYMENT_TARGET = 14.0;
				LD_RUNPATH_SEARCH_PATHS = (
					"$(inherited)",
					"@executable_path/Frameworks",
					"@loader_path/Frameworks",
				);
				PRODUCT_BUNDLE_IDENTIFIER = com.JiaheLi.SwiftyCareerTests;
				PRODUCT_NAME = "$(TARGET_NAME)";
				SWIFT_VERSION = 5.0;
				TARGETED_DEVICE_FAMILY = "1,2";
				TEST_HOST = "$(BUILT_PRODUCTS_DIR)/SwiftyCareer.app/SwiftyCareer";
			};
			name = Release;
		};
		D971669E2511B004002DC5B0 /* Debug */ = {
			isa = XCBuildConfiguration;
			buildSettings = {
				ALWAYS_EMBED_SWIFT_STANDARD_LIBRARIES = YES;
				CODE_SIGN_STYLE = Automatic;
				DEVELOPMENT_TEAM = XS2QV44L5G;
				INFOPLIST_FILE = SwiftyCareerUITests/Info.plist;
				LD_RUNPATH_SEARCH_PATHS = (
					"$(inherited)",
					"@executable_path/Frameworks",
					"@loader_path/Frameworks",
				);
				PRODUCT_BUNDLE_IDENTIFIER = com.JiaheLi.SwiftyCareerUITests;
				PRODUCT_NAME = "$(TARGET_NAME)";
				SWIFT_VERSION = 5.0;
				TARGETED_DEVICE_FAMILY = "1,2";
				TEST_TARGET_NAME = SwiftyCareer;
			};
			name = Debug;
		};
		D971669F2511B004002DC5B0 /* Release */ = {
			isa = XCBuildConfiguration;
			buildSettings = {
				ALWAYS_EMBED_SWIFT_STANDARD_LIBRARIES = YES;
				CODE_SIGN_STYLE = Automatic;
				DEVELOPMENT_TEAM = XS2QV44L5G;
				INFOPLIST_FILE = SwiftyCareerUITests/Info.plist;
				LD_RUNPATH_SEARCH_PATHS = (
					"$(inherited)",
					"@executable_path/Frameworks",
					"@loader_path/Frameworks",
				);
				PRODUCT_BUNDLE_IDENTIFIER = com.JiaheLi.SwiftyCareerUITests;
				PRODUCT_NAME = "$(TARGET_NAME)";
				SWIFT_VERSION = 5.0;
				TARGETED_DEVICE_FAMILY = "1,2";
				TEST_TARGET_NAME = SwiftyCareer;
			};
			name = Release;
		};
/* End XCBuildConfiguration section */

/* Begin XCConfigurationList section */
		D97166682511B003002DC5B0 /* Build configuration list for PBXProject "SwiftyCareer" */ = {
			isa = XCConfigurationList;
			buildConfigurations = (
				D97166952511B004002DC5B0 /* Debug */,
				D97166962511B004002DC5B0 /* Release */,
			);
			defaultConfigurationIsVisible = 0;
			defaultConfigurationName = Release;
		};
		D97166972511B004002DC5B0 /* Build configuration list for PBXNativeTarget "SwiftyCareer" */ = {
			isa = XCConfigurationList;
			buildConfigurations = (
				D97166982511B004002DC5B0 /* Debug */,
				D97166992511B004002DC5B0 /* Release */,
			);
			defaultConfigurationIsVisible = 0;
			defaultConfigurationName = Release;
		};
		D971669A2511B004002DC5B0 /* Build configuration list for PBXNativeTarget "SwiftyCareerTests" */ = {
			isa = XCConfigurationList;
			buildConfigurations = (
				D971669B2511B004002DC5B0 /* Debug */,
				D971669C2511B004002DC5B0 /* Release */,
			);
			defaultConfigurationIsVisible = 0;
			defaultConfigurationName = Release;
		};
		D971669D2511B004002DC5B0 /* Build configuration list for PBXNativeTarget "SwiftyCareerUITests" */ = {
			isa = XCConfigurationList;
			buildConfigurations = (
				D971669E2511B004002DC5B0 /* Debug */,
				D971669F2511B004002DC5B0 /* Release */,
			);
			defaultConfigurationIsVisible = 0;
			defaultConfigurationName = Release;
		};
/* End XCConfigurationList section */
	};
	rootObject = D97166652511B003002DC5B0 /* Project object */;
}
